
Microsoft Visual Studio Solution File, Format Version 12.00
# Visual Studio Version 16
VisualStudioVersion = 16.0.30717.126
MinimumVisualStudioVersion = 10.0.40219.1
Project("{FAE04EC0-301F-11D3-BF4B-00C04F79EFBC}") = "Triangle", "Triangle\Triangle.csproj", "{DBFD472B-076E-4C60-875C-1D8D89303E7B}"
EndProject
Global
	GlobalSection(SolutionConfigurationPlatforms) = preSolution
		Debug|Any CPU = Debug|Any CPU
		Release|Any CPU = Release|Any CPU
	EndGlobalSection
	GlobalSection(ProjectConfigurationPlatforms) = postSolution
		{DBFD472B-076E-4C60-875C-1D8D89303E7B}.Debug|Any CPU.ActiveCfg = Debug|Any CPU
		{DBFD472B-076E-4C60-875C-1D8D89303E7B}.Debug|Any CPU.Build.0 = Debug|Any CPU
		{DBFD472B-076E-4C60-875C-1D8D89303E7B}.Release|Any CPU.ActiveCfg = Release|Any CPU
		{DBFD472B-076E-4C60-875C-1D8D89303E7B}.Release|Any CPU.Build.0 = Release|Any CPU
	EndGlobalSection
	GlobalSection(SolutionProperties) = preSolution
		HideSolutionNode = FALSE
	EndGlobalSection
	GlobalSection(ExtensibilityGlobals) = postSolution
		SolutionGuid = {B04F5D01-26BB-4B12-9C3B-B043F5AD5F16}
	EndGlobalSection
EndGlobal
