
Microsoft Visual Studio Solution File, Format Version 12.00
# Visual Studio Version 16
VisualStudioVersion = 16.0.30717.126
MinimumVisualStudioVersion = 10.0.40219.1
Project("{FAE04EC0-301F-11D3-BF4B-00C04F79EFBC}") = "Apartments", "Apartments\Apartments.csproj", "{FF67EF55-A67A-4F40-AB45-8251314577FB}"
EndProject
Global
	GlobalSection(SolutionConfigurationPlatforms) = preSolution
		Debug|Any CPU = Debug|Any CPU
		Release|Any CPU = Release|Any CPU
	EndGlobalSection
	GlobalSection(ProjectConfigurationPlatforms) = postSolution
		{FF67EF55-A67A-4F40-AB45-8251314577FB}.Debug|Any CPU.ActiveCfg = Debug|Any CPU
		{FF67EF55-A67A-4F40-AB45-8251314577FB}.Debug|Any CPU.Build.0 = Debug|Any CPU
		{FF67EF55-A67A-4F40-AB45-8251314577FB}.Release|Any CPU.ActiveCfg = Release|Any CPU
		{FF67EF55-A67A-4F40-AB45-8251314577FB}.Release|Any CPU.Build.0 = Release|Any CPU
	EndGlobalSection
	GlobalSection(SolutionProperties) = preSolution
		HideSolutionNode = FALSE
	EndGlobalSection
	GlobalSection(ExtensibilityGlobals) = postSolution
		SolutionGuid = {C0A0EB61-3614-46DA-B49A-0C8E4894970A}
	EndGlobalSection
EndGlobal
